
Microsoft Visual Studio Solution File, Format Version 12.00
# Visual Studio Version 17
VisualStudioVersion = 17.3.32922.545
MinimumVisualStudioVersion = 10.0.40219.1
Project("{8BC9CEB8-8B4A-11D0-8D11-00A0C91BC942}") = "LeetCode75", "LeetCode75.vcxproj", "{647D0EF6-5FB3-4803-8973-8AEC454B6D5A}"
EndProject
Global
	GlobalSection(SolutionConfigurationPlatforms) = preSolution
		Debug|x64 = Debug|x64
		Debug|x86 = Debug|x86
		Release|x64 = Release|x64
		Release|x86 = Release|x86
	EndGlobalSection
	GlobalSection(ProjectConfigurationPlatforms) = postSolution
		{647D0EF6-5FB3-4803-8973-8AEC454B6D5A}.Debug|x64.ActiveCfg = Debug|x64
		{647D0EF6-5FB3-4803-8973-8AEC454B6D5A}.Debug|x64.Build.0 = Debug|x64
		{647D0EF6-5FB3-4803-8973-8AEC454B6D5A}.Debug|x86.ActiveCfg = Debug|Win32
		{647D0EF6-5FB3-4803-8973-8AEC454B6D5A}.Debug|x86.Build.0 = Debug|Win32
		{647D0EF6-5FB3-4803-8973-8AEC454B6D5A}.Release|x64.ActiveCfg = Release|x64
		{647D0EF6-5FB3-4803-8973-8AEC454B6D5A}.Release|x64.Build.0 = Release|x64
		{647D0EF6-5FB3-4803-8973-8AEC454B6D5A}.Release|x86.ActiveCfg = Release|Win32
		{647D0EF6-5FB3-4803-8973-8AEC454B6D5A}.Release|x86.Build.0 = Release|Win32
	EndGlobalSection
	GlobalSection(SolutionProperties) = preSolution
		HideSolutionNode = FALSE
	EndGlobalSection
	GlobalSection(ExtensibilityGlobals) = postSolution
		SolutionGuid = {486670FE-F9D3-495C-B6C9-61E4A4A41787}
	EndGlobalSection
EndGlobal
